
Microsoft Visual Studio Solution File, Format Version 10.00
# Visual Studio 2008
Project("{FAE04EC0-301F-11D3-BF4B-00C04F79EFBC}") = "delegate", "constructor\delegate.csproj", "{51A7E7D6-0267-4140-AC31-E6BC3A26D518}"
EndProject
Global
	GlobalSection(SolutionConfigurationPlatforms) = preSolution
		Debug|Any CPU = Debug|Any CPU
		Release|Any CPU = Release|Any CPU
	EndGlobalSection
	GlobalSection(ProjectConfigurationPlatforms) = postSolution
		{51A7E7D6-0267-4140-AC31-E6BC3A26D518}.Debug|Any CPU.ActiveCfg = Debug|Any CPU
		{51A7E7D6-0267-4140-AC31-E6BC3A26D518}.Debug|Any CPU.Build.0 = Debug|Any CPU
		{51A7E7D6-0267-4140-AC31-E6BC3A26D518}.Release|Any CPU.ActiveCfg = Release|Any CPU
		{51A7E7D6-0267-4140-AC31-E6BC3A26D518}.Release|Any CPU.Build.0 = Release|Any CPU
	EndGlobalSection
	GlobalSection(SolutionProperties) = preSolution
		HideSolutionNode = FALSE
	EndGlobalSection
EndGlobal
